{
  "requires": true,
  "lockfileVersion": 1,
  "dependencies": {
    "ngraph.events": {
      "version": "1.2.1",
      "resolved": "https://registry.npmjs.org/ngraph.events/-/ngraph.events-1.2.1.tgz",
      "integrity": "sha512-D4C+nXH/RFxioGXQdHu8ELDtC6EaCiNsZtih0IvyGN81OZSUby4jXoJ5+RNWasfsd0FnKxxpAROyUMzw64QNsw=="
    },
    "ngraph.forcelayout": {
      "version": "3.0.0",
      "resolved": "https://registry.npmjs.org/ngraph.forcelayout/-/ngraph.forcelayout-3.0.0.tgz",
      "integrity": "sha512-d/MPLkLvQ+F4+AyfhuxRqWx6crKavPdqXMAGXeC7FrYgDBPe3H2RAySMLqKFU0tDmh9cHRHlPsuXPCN3OyPaCQ==",
      "requires": {
        "ngraph.events": "^1.0.0",
        "ngraph.merge": "^1.0.0",
        "ngraph.random": "^1.0.0"
      }
    },
    "ngraph.merge": {
      "version": "1.0.0",
      "resolved": "https://registry.npmjs.org/ngraph.merge/-/ngraph.merge-1.0.0.tgz",
      "integrity": "sha512-5J8YjGITUJeapsomtTALYsw7rFveYkM+lBj3QiYZ79EymQcuri65Nw3knQtFxQBU1r5iOaVRXrSwMENUPK62Vg=="
    },
    "ngraph.random": {
      "version": "1.1.0",
      "resolved": "https://registry.npmjs.org/ngraph.random/-/ngraph.random-1.1.0.tgz",
      "integrity": "sha512-h25UdUN/g8U7y29TzQtRm/GvGr70lK37yQPvPKXXuVfs7gCm82WipYFZcksQfeKumtOemAzBIcT7lzzyK/edLw=="
    }
  }
}
